
Microsoft Visual Studio Solution File, Format Version 12.00
# Visual Studio Version 17
VisualStudioVersion = 17.0.31912.275
MinimumVisualStudioVersion = 10.0.40219.1
Project("{FAE04EC0-301F-11D3-BF4B-00C04F79EFBC}") = "MazeSolver", "MazeSolver\MazeSolver.csproj", "{3E25A14F-FC8C-4424-835F-C6FACD9EC477}"
EndProject
Global
	GlobalSection(SolutionConfigurationPlatforms) = preSolution
		Debug|Any CPU = Debug|Any CPU
		Release|Any CPU = Release|Any CPU
	EndGlobalSection
	GlobalSection(ProjectConfigurationPlatforms) = postSolution
		{3E25A14F-FC8C-4424-835F-C6FACD9EC477}.Debug|Any CPU.ActiveCfg = Debug|Any CPU
		{3E25A14F-FC8C-4424-835F-C6FACD9EC477}.Debug|Any CPU.Build.0 = Debug|Any CPU
		{3E25A14F-FC8C-4424-835F-C6FACD9EC477}.Release|Any CPU.ActiveCfg = Release|Any CPU
		{3E25A14F-FC8C-4424-835F-C6FACD9EC477}.Release|Any CPU.Build.0 = Release|Any CPU
	EndGlobalSection
	GlobalSection(SolutionProperties) = preSolution
		HideSolutionNode = FALSE
	EndGlobalSection
	GlobalSection(ExtensibilityGlobals) = postSolution
		SolutionGuid = {81A32628-CDF1-43A5-9A21-16E89893A12E}
	EndGlobalSection
EndGlobal
